
Microsoft Visual Studio Solution File, Format Version 12.00
# Visual Studio 15
VisualStudioVersion = 15.0.28010.2026
MinimumVisualStudioVersion = 10.0.40219.1
Project("{FAE04EC0-301F-11D3-BF4B-00C04F79EFBC}") = "BussRulesAB", "BussRulesAB\BussRulesAB.csproj", "{9ADFEC68-657A-4A97-8D61-E614A7D588C0}"
EndProject
Global
	GlobalSection(SolutionConfigurationPlatforms) = preSolution
		Debug|Any CPU = Debug|Any CPU
		Release|Any CPU = Release|Any CPU
	EndGlobalSection
	GlobalSection(ProjectConfigurationPlatforms) = postSolution
		{9ADFEC68-657A-4A97-8D61-E614A7D588C0}.Debug|Any CPU.ActiveCfg = Debug|Any CPU
		{9ADFEC68-657A-4A97-8D61-E614A7D588C0}.Debug|Any CPU.Build.0 = Debug|Any CPU
		{9ADFEC68-657A-4A97-8D61-E614A7D588C0}.Release|Any CPU.ActiveCfg = Release|Any CPU
		{9ADFEC68-657A-4A97-8D61-E614A7D588C0}.Release|Any CPU.Build.0 = Release|Any CPU
	EndGlobalSection
	GlobalSection(SolutionProperties) = preSolution
		HideSolutionNode = FALSE
	EndGlobalSection
	GlobalSection(ExtensibilityGlobals) = postSolution
		SolutionGuid = {E83B86A5-D782-4CA5-ADD7-6C10E1634FDE}
	EndGlobalSection
EndGlobal
